
Microsoft Visual Studio Solution File, Format Version 12.00
# Visual Studio Version 17
VisualStudioVersion = 17.5.33530.505
MinimumVisualStudioVersion = 10.0.40219.1
Project("{FAE04EC0-301F-11D3-BF4B-00C04F79EFBC}") = "PathAlarm.Gui", "PathAlarm.Gui\PathAlarm.Gui.csproj", "{2B43CC14-534B-4EAB-AC33-3652B4D1FC15}"
EndProject
Global
	GlobalSection(SolutionConfigurationPlatforms) = preSolution
		Debug|Any CPU = Debug|Any CPU
		Release|Any CPU = Release|Any CPU
	EndGlobalSection
	GlobalSection(ProjectConfigurationPlatforms) = postSolution
		{2B43CC14-534B-4EAB-AC33-3652B4D1FC15}.Debug|Any CPU.ActiveCfg = Debug|Any CPU
		{2B43CC14-534B-4EAB-AC33-3652B4D1FC15}.Debug|Any CPU.Build.0 = Debug|Any CPU
		{2B43CC14-534B-4EAB-AC33-3652B4D1FC15}.Debug|Any CPU.Deploy.0 = Debug|Any CPU
		{2B43CC14-534B-4EAB-AC33-3652B4D1FC15}.Release|Any CPU.ActiveCfg = Release|Any CPU
		{2B43CC14-534B-4EAB-AC33-3652B4D1FC15}.Release|Any CPU.Build.0 = Release|Any CPU
		{2B43CC14-534B-4EAB-AC33-3652B4D1FC15}.Release|Any CPU.Deploy.0 = Release|Any CPU
	EndGlobalSection
	GlobalSection(SolutionProperties) = preSolution
		HideSolutionNode = FALSE
	EndGlobalSection
	GlobalSection(ExtensibilityGlobals) = postSolution
		SolutionGuid = {C0C7A943-7C76-4284-8560-696CD60585A5}
	EndGlobalSection
EndGlobal
